
Microsoft Visual Studio Solution File, Format Version 12.00
# Visual Studio Version 17
VisualStudioVersion = 17.8.34511.84
MinimumVisualStudioVersion = 10.0.40219.1
Project("{FAE04EC0-301F-11D3-BF4B-00C04F79EFBC}") = "OrderBook.NotifierService", "OrderBook.NotifierService\OrderBook.NotifierService.csproj", "{B1AD7C58-EA6E-425C-90A3-199FC2E0C8BA}"
EndProject
Project("{FAE04EC0-301F-11D3-BF4B-00C04F79EFBC}") = "OrderBook.NotifierService.Application", "OrderBook.NotifierService.Application\OrderBook.NotifierService.Application.csproj", "{A256C35D-14D6-4817-843A-5476BF2D2F47}"
EndProject
Project("{FAE04EC0-301F-11D3-BF4B-00C04F79EFBC}") = "OrderBook.NotifierService.Infrastructure", "OrderBook.NotifierService.Infrastructure\OrderBook.NotifierService.Infrastructure.csproj", "{79E58CDF-0886-4BD6-BD64-CFE26531AC8D}"
EndProject
Global
	GlobalSection(SolutionConfigurationPlatforms) = preSolution
		Debug|Any CPU = Debug|Any CPU
		Release|Any CPU = Release|Any CPU
	EndGlobalSection
	GlobalSection(ProjectConfigurationPlatforms) = postSolution
		{B1AD7C58-EA6E-425C-90A3-199FC2E0C8BA}.Debug|Any CPU.ActiveCfg = Debug|Any CPU
		{B1AD7C58-EA6E-425C-90A3-199FC2E0C8BA}.Debug|Any CPU.Build.0 = Debug|Any CPU
		{B1AD7C58-EA6E-425C-90A3-199FC2E0C8BA}.Release|Any CPU.ActiveCfg = Release|Any CPU
		{B1AD7C58-EA6E-425C-90A3-199FC2E0C8BA}.Release|Any CPU.Build.0 = Release|Any CPU
		{A256C35D-14D6-4817-843A-5476BF2D2F47}.Debug|Any CPU.ActiveCfg = Debug|Any CPU
		{A256C35D-14D6-4817-843A-5476BF2D2F47}.Debug|Any CPU.Build.0 = Debug|Any CPU
		{A256C35D-14D6-4817-843A-5476BF2D2F47}.Release|Any CPU.ActiveCfg = Release|Any CPU
		{A256C35D-14D6-4817-843A-5476BF2D2F47}.Release|Any CPU.Build.0 = Release|Any CPU
		{79E58CDF-0886-4BD6-BD64-CFE26531AC8D}.Debug|Any CPU.ActiveCfg = Debug|Any CPU
		{79E58CDF-0886-4BD6-BD64-CFE26531AC8D}.Debug|Any CPU.Build.0 = Debug|Any CPU
		{79E58CDF-0886-4BD6-BD64-CFE26531AC8D}.Release|Any CPU.ActiveCfg = Release|Any CPU
		{79E58CDF-0886-4BD6-BD64-CFE26531AC8D}.Release|Any CPU.Build.0 = Release|Any CPU
	EndGlobalSection
	GlobalSection(SolutionProperties) = preSolution
		HideSolutionNode = FALSE
	EndGlobalSection
	GlobalSection(ExtensibilityGlobals) = postSolution
		SolutionGuid = {1697FAB2-295E-4512-A451-B13DE9FC6F01}
	EndGlobalSection
EndGlobal
